
Microsoft Visual Studio Solution File, Format Version 12.00
# Visual Studio Version 17
VisualStudioVersion = 17.0.31903.59
MinimumVisualStudioVersion = 10.0.40219.1
Project("{FAE04EC0-301F-11D3-BF4B-00C04F79EFBC}") = "FizzBuzzApp", "FizzBuzzApp\FizzBuzzApp.csproj", "{7C53BC44-2A75-408C-8FB3-03AE8CEFCD4B}"
EndProject
Project("{FAE04EC0-301F-11D3-BF4B-00C04F79EFBC}") = "FizzBuzzApp.Tests", "FizzBuzzApp.Tests\FizzBuzzApp.Tests.csproj", "{B314C1F1-E366-4C97-AE7D-D683CD185BAD}"
EndProject
Global
	GlobalSection(SolutionConfigurationPlatforms) = preSolution
		Debug|Any CPU = Debug|Any CPU
		Debug|x64 = Debug|x64
		Debug|x86 = Debug|x86
		Release|Any CPU = Release|Any CPU
		Release|x64 = Release|x64
		Release|x86 = Release|x86
	EndGlobalSection
	GlobalSection(ProjectConfigurationPlatforms) = postSolution
		{7C53BC44-2A75-408C-8FB3-03AE8CEFCD4B}.Debug|Any CPU.ActiveCfg = Debug|Any CPU
		{7C53BC44-2A75-408C-8FB3-03AE8CEFCD4B}.Debug|Any CPU.Build.0 = Debug|Any CPU
		{7C53BC44-2A75-408C-8FB3-03AE8CEFCD4B}.Debug|x64.ActiveCfg = Debug|Any CPU
		{7C53BC44-2A75-408C-8FB3-03AE8CEFCD4B}.Debug|x64.Build.0 = Debug|Any CPU
		{7C53BC44-2A75-408C-8FB3-03AE8CEFCD4B}.Debug|x86.ActiveCfg = Debug|Any CPU
		{7C53BC44-2A75-408C-8FB3-03AE8CEFCD4B}.Debug|x86.Build.0 = Debug|Any CPU
		{7C53BC44-2A75-408C-8FB3-03AE8CEFCD4B}.Release|Any CPU.ActiveCfg = Release|Any CPU
		{7C53BC44-2A75-408C-8FB3-03AE8CEFCD4B}.Release|Any CPU.Build.0 = Release|Any CPU
		{7C53BC44-2A75-408C-8FB3-03AE8CEFCD4B}.Release|x64.ActiveCfg = Release|Any CPU
		{7C53BC44-2A75-408C-8FB3-03AE8CEFCD4B}.Release|x64.Build.0 = Release|Any CPU
		{7C53BC44-2A75-408C-8FB3-03AE8CEFCD4B}.Release|x86.ActiveCfg = Release|Any CPU
		{7C53BC44-2A75-408C-8FB3-03AE8CEFCD4B}.Release|x86.Build.0 = Release|Any CPU
		{B314C1F1-E366-4C97-AE7D-D683CD185BAD}.Debug|Any CPU.ActiveCfg = Debug|Any CPU
		{B314C1F1-E366-4C97-AE7D-D683CD185BAD}.Debug|Any CPU.Build.0 = Debug|Any CPU
		{B314C1F1-E366-4C97-AE7D-D683CD185BAD}.Debug|x64.ActiveCfg = Debug|Any CPU
		{B314C1F1-E366-4C97-AE7D-D683CD185BAD}.Debug|x64.Build.0 = Debug|Any CPU
		{B314C1F1-E366-4C97-AE7D-D683CD185BAD}.Debug|x86.ActiveCfg = Debug|Any CPU
		{B314C1F1-E366-4C97-AE7D-D683CD185BAD}.Debug|x86.Build.0 = Debug|Any CPU
		{B314C1F1-E366-4C97-AE7D-D683CD185BAD}.Release|Any CPU.ActiveCfg = Release|Any CPU
		{B314C1F1-E366-4C97-AE7D-D683CD185BAD}.Release|Any CPU.Build.0 = Release|Any CPU
		{B314C1F1-E366-4C97-AE7D-D683CD185BAD}.Release|x64.ActiveCfg = Release|Any CPU
		{B314C1F1-E366-4C97-AE7D-D683CD185BAD}.Release|x64.Build.0 = Release|Any CPU
		{B314C1F1-E366-4C97-AE7D-D683CD185BAD}.Release|x86.ActiveCfg = Release|Any CPU
		{B314C1F1-E366-4C97-AE7D-D683CD185BAD}.Release|x86.Build.0 = Release|Any CPU
	EndGlobalSection
	GlobalSection(SolutionProperties) = preSolution
		HideSolutionNode = FALSE
	EndGlobalSection
EndGlobal
